// !$*UTF8*$!
{
	archiveVersion = 1;
	classes = {
	};
	objectVersion = 46;
	objects = {

/* Begin PBXBuildFile section */
		C8DF7EEF1BA8455100B9324F /* AppDelegate.swift in Sources */ = {isa = PBXBuildFile; fileRef = C8DF7EEE1BA8455100B9324F /* AppDelegate.swift */; };
		C8DF7EF41BA8455100B9324F /* Main.storyboard in Resources */ = {isa = PBXBuildFile; fileRef = C8DF7EF21BA8455100B9324F /* Main.storyboard */; };
		C8DF7EF61BA8455100B9324F /* Assets.xcassets in Resources */ = {isa = PBXBuildFile; fileRef = C8DF7EF51BA8455100B9324F /* Assets.xcassets */; };
		C8DF7EF91BA8455100B9324F /* LaunchScreen.storyboard in Resources */ = {isa = PBXBuildFile; fileRef = C8DF7EF71BA8455100B9324F /* LaunchScreen.storyboard */; };
		C8DF7F011BA8659A00B9324F /* ParentViewController.swift in Sources */ = {isa = PBXBuildFile; fileRef = C8DF7F001BA8659A00B9324F /* ParentViewController.swift */; settings = {ASSET_TAGS = (); }; };
		C8DF7F031BA91A0400B9324F /* FirstTabViewController.swift in Sources */ = {isa = PBXBuildFile; fileRef = C8DF7F021BA91A0400B9324F /* FirstTabViewController.swift */; settings = {ASSET_TAGS = (); }; };
		C8DF7F051BA91A1600B9324F /* SecondTabViewController.swift in Sources */ = {isa = PBXBuildFile; fileRef = C8DF7F041BA91A1600B9324F /* SecondTabViewController.swift */; settings = {ASSET_TAGS = (); }; };
		C8DF7F071BA921F500B9324F /* TabySegmentedControl.swift in Sources */ = {isa = PBXBuildFile; fileRef = C8DF7F061BA921F500B9324F /* TabySegmentedControl.swift */; settings = {ASSET_TAGS = (); }; };
/* End PBXBuildFile section */

/* Begin PBXFileReference section */
		C8DF7EEB1BA8455100B9324F /* UISegmentedControlAsTabBarDemo.temp_caseinsensitive_rename.app */ = {isa = PBXFileReference; explicitFileType = wrapper.application; includeInIndex = 0; path = UISegmentedControlAsTabBarDemo.temp_caseinsensitive_rename.app; sourceTree = BUILT_PRODUCTS_DIR; };
		C8DF7EEE1BA8455100B9324F /* AppDelegate.swift */ = {isa = PBXFileReference; lastKnownFileType = sourcecode.swift; path = AppDelegate.swift; sourceTree = "<group>"; };
		C8DF7EF31BA8455100B9324F /* Base */ = {isa = PBXFileReference; lastKnownFileType = file.storyboard; name = Base; path = Base.lproj/Main.storyboard; sourceTree = "<group>"; };
		C8DF7EF51BA8455100B9324F /* Assets.xcassets */ = {isa = PBXFileReference; lastKnownFileType = folder.assetcatalog; path = Assets.xcassets; sourceTree = "<group>"; };
		C8DF7EF81BA8455100B9324F /* Base */ = {isa = PBXFileReference; lastKnownFileType = file.storyboard; name = Base; path = Base.lproj/LaunchScreen.storyboard; sourceTree = "<group>"; };
		C8DF7EFA1BA8455100B9324F /* Info.plist */ = {isa = PBXFileReference; lastKnownFileType = text.plist.xml; path = Info.plist; sourceTree = "<group>"; };
		C8DF7F001BA8659A00B9324F /* ParentViewController.swift */ = {isa = PBXFileReference; fileEncoding = 4; lastKnownFileType = sourcecode.swift; path = ParentViewController.swift; sourceTree = "<group>"; };
		C8DF7F021BA91A0400B9324F /* FirstTabViewController.swift */ = {isa = PBXFileReference; fileEncoding = 4; lastKnownFileType = sourcecode.swift; path = FirstTabViewController.swift; sourceTree = "<group>"; };
		C8DF7F041BA91A1600B9324F /* SecondTabViewController.swift */ = {isa = PBXFileReference; fileEncoding = 4; lastKnownFileType = sourcecode.swift; path = SecondTabViewController.swift; sourceTree = "<group>"; };
		C8DF7F061BA921F500B9324F /* TabySegmentedControl.swift */ = {isa = PBXFileReference; fileEncoding = 4; lastKnownFileType = sourcecode.swift; path = TabySegmentedControl.swift; sourceTree = "<group>"; };
/* End PBXFileReference section */

/* Begin PBXFrameworksBuildPhase section */
		C8DF7EE81BA8455100B9324F /* Frameworks */ = {
			isa = PBXFrameworksBuildPhase;
			buildActionMask = 2147483647;
			files = (
			);
			runOnlyForDeploymentPostprocessing = 0;
		};
/* End PBXFrameworksBuildPhase section */

/* Begin PBXGroup section */
		C8DF7EE21BA8455100B9324F = {
			isa = PBXGroup;
			children = (
				C8DF7EED1BA8455100B9324F /* UISegmentedControlAsTabbarDemo */,
				C8DF7EEC1BA8455100B9324F /* Products */,
			);
			sourceTree = "<group>";
		};
		C8DF7EEC1BA8455100B9324F /* Products */ = {
			isa = PBXGroup;
			children = (
				C8DF7EEB1BA8455100B9324F /* UISegmentedControlAsTabBarDemo.temp_caseinsensitive_rename.app */,
			);
			name = Products;
			sourceTree = "<group>";
		};
		C8DF7EED1BA8455100B9324F /* UISegmentedControlAsTabbarDemo */ = {
			isa = PBXGroup;
			children = (
				C8DF7EEE1BA8455100B9324F /* AppDelegate.swift */,
				C8DF7EF21BA8455100B9324F /* Main.storyboard */,
				C8DF7F061BA921F500B9324F /* TabySegmentedControl.swift */,
				C8DF7F001BA8659A00B9324F /* ParentViewController.swift */,
				C8DF7F021BA91A0400B9324F /* FirstTabViewController.swift */,
				C8DF7F041BA91A1600B9324F /* SecondTabViewController.swift */,
				C8DF7EF51BA8455100B9324F /* Assets.xcassets */,
				C8DF7EF71BA8455100B9324F /* LaunchScreen.storyboard */,
				C8DF7EFA1BA8455100B9324F /* Info.plist */,
			);
			path = UISegmentedControlAsTabbarDemo;
			sourceTree = "<group>";
		};
/* End PBXGroup section */

/* Begin PBXNativeTarget section */
		C8DF7EEA1BA8455100B9324F /* UISegmentedControlAsTabbarDemo */ = {
			isa = PBXNativeTarget;
			buildConfigurationList = C8DF7EFD1BA8455100B9324F /* Build configuration list for PBXNativeTarget "UISegmentedControlAsTabbarDemo" */;
			buildPhases = (
				C8DF7EE71BA8455100B9324F /* Sources */,
				C8DF7EE81BA8455100B9324F /* Frameworks */,
				C8DF7EE91BA8455100B9324F /* Resources */,
			);
			buildRules = (
			);
			dependencies = (
			);
			name = UISegmentedControlAsTabbarDemo;
			productName = UISegmentedControlAsTabbarDemo;
			productReference = C8DF7EEB1BA8455100B9324F /* UISegmentedControlAsTabBarDemo.temp_caseinsensitive_rename.app */;
			productType = "com.apple.product-type.application";
		};
/* End PBXNativeTarget section */

/* Begin PBXProject section */
		C8DF7EE31BA8455100B9324F /* Project object */ = {
			isa = PBXProject;
			attributes = {
				LastUpgradeCheck = 0700;
				ORGANIZATIONNAME = "A. Abdurrahman";
				TargetAttributes = {
					C8DF7EEA1BA8455100B9324F = {
						CreatedOnToolsVersion = 7.0;
					};
				};
			};
			buildConfigurationList = C8DF7EE61BA8455100B9324F /* Build configuration list for PBXProject "UISegmentedControlAsTabBarDemo" */;
			compatibilityVersion = "Xcode 3.2";
			developmentRegion = English;
			hasScannedForEncodings = 0;
			knownRegions = (
				en,
				Base,
			);
			mainGroup = C8DF7EE21BA8455100B9324F;
			productRefGroup = C8DF7EEC1BA8455100B9324F /* Products */;
			projectDirPath = "";
			projectRoot = "";
			targets = (
				C8DF7EEA1BA8455100B9324F /* UISegmentedControlAsTabbarDemo */,
			);
		};
/* End PBXProject section */

/* Begin PBXResourcesBuildPhase section */
		C8DF7EE91BA8455100B9324F /* Resources */ = {
			isa = PBXResourcesBuildPhase;
			buildActionMask = 2147483647;
			files = (
				C8DF7EF91BA8455100B9324F /* LaunchScreen.storyboard in Resources */,
				C8DF7EF61BA8455100B9324F /* Assets.xcassets in Resources */,
				C8DF7EF41BA8455100B9324F /* Main.storyboard in Resources */,
			);
			runOnlyForDeploymentPostprocessing = 0;
		};
/* End PBXResourcesBuildPhase section */

/* Begin PBXSourcesBuildPhase section */
		C8DF7EE71BA8455100B9324F /* Sources */ = {
			isa = PBXSourcesBuildPhase;
			buildActionMask = 2147483647;
			files = (
				C8DF7F031BA91A0400B9324F /* FirstTabViewController.swift in Sources */,
				C8DF7F011BA8659A00B9324F /* ParentViewController.swift in Sources */,
				C8DF7F071BA921F500B9324F /* TabySegmentedControl.swift in Sources */,
				C8DF7F051BA91A1600B9324F /* SecondTabViewController.swift in Sources */,
				C8DF7EEF1BA8455100B9324F /* AppDelegate.swift in Sources */,
			);
			runOnlyForDeploymentPostprocessing = 0;
		};
/* End PBXSourcesBuildPhase section */

/* Begin PBXVariantGroup section */
		C8DF7EF21BA8455100B9324F /* Main.storyboard */ = {
			isa = PBXVariantGroup;
			children = (
				C8DF7EF31BA8455100B9324F /* Base */,
			);
			name = Main.storyboard;
			sourceTree = "<group>";
		};
		C8DF7EF71BA8455100B9324F /* LaunchScreen.storyboard */ = {
			isa = PBXVariantGroup;
			children = (
				C8DF7EF81BA8455100B9324F /* Base */,
			);
			name = LaunchScreen.storyboard;
			sourceTree = "<group>";
		};
/* End PBXVariantGroup section */

/* Begin XCBuildConfiguration section */
		C8DF7EFB1BA8455100B9324F /* Debug */ = {
			isa = XCBuildConfiguration;
			buildSettings = {
				ALWAYS_SEARCH_USER_PATHS = NO;
				CLANG_CXX_LANGUAGE_STANDARD = "gnu++0x";
				CLANG_CXX_LIBRARY = "libc++";
				CLANG_ENABLE_MODULES = YES;
				CLANG_ENABLE_OBJC_ARC = YES;
				CLANG_WARN_BOOL_CONVERSION = YES;
				CLANG_WARN_CONSTANT_CONVERSION = YES;
				CLANG_WARN_DIRECT_OBJC_ISA_USAGE = YES_ERROR;
				CLANG_WARN_EMPTY_BODY = YES;
				CLANG_WARN_ENUM_CONVERSION = YES;
				CLANG_WARN_INT_CONVERSION = YES;
				CLANG_WARN_OBJC_ROOT_CLASS = YES_ERROR;
				CLANG_WARN_UNREACHABLE_CODE = YES;
				CLANG_WARN__DUPLICATE_METHOD_MATCH = YES;
				"CODE_SIGN_IDENTITY[sdk=iphoneos*]" = "iPhone Developer";
				COPY_PHASE_STRIP = NO;
				DEBUG_INFORMATION_FORMAT = dwarf;
				ENABLE_STRICT_OBJC_MSGSEND = YES;
				ENABLE_TESTABILITY = YES;
				GCC_C_LANGUAGE_STANDARD = gnu99;
				GCC_DYNAMIC_NO_PIC = NO;
				GCC_NO_COMMON_BLOCKS = YES;
				GCC_OPTIMIZATION_LEVEL = 0;
				GCC_PREPROCESSOR_DEFINITIONS = (
					"DEBUG=1",
					"$(inherited)",
				);
				GCC_WARN_64_TO_32_BIT_CONVERSION = YES;
				GCC_WARN_ABOUT_RETURN_TYPE = YES_ERROR;
				GCC_WARN_UNDECLARED_SELECTOR = YES;
				GCC_WARN_UNINITIALIZED_AUTOS = YES_AGGRESSIVE;
				GCC_WARN_UNUSED_FUNCTION = YES;
				GCC_WARN_UNUSED_VARIABLE = YES;
				IPHONEOS_DEPLOYMENT_TARGET = 9.0;
				MTL_ENABLE_DEBUG_INFO = YES;
				ONLY_ACTIVE_ARCH = YES;
				SDKROOT = iphoneos;
				SWIFT_OPTIMIZATION_LEVEL = "-Onone";
				TARGETED_DEVICE_FAMILY = "1,2";
			};
			name = Debug;
		};
		C8DF7EFC1BA8455100B9324F /* Release */ = {
			isa = XCBuildConfiguration;
			buildSettings = {
				ALWAYS_SEARCH_USER_PATHS = NO;
				CLANG_CXX_LANGUAGE_STANDARD = "gnu++0x";
				CLANG_CXX_LIBRARY = "libc++";
				CLANG_ENABLE_MODULES = YES;
				CLANG_ENABLE_OBJC_ARC = YES;
				CLANG_WARN_BOOL_CONVERSION = YES;
				CLANG_WARN_CONSTANT_CONVERSION = YES;
				CLANG_WARN_DIRECT_OBJC_ISA_USAGE = YES_ERROR;
				CLANG_WARN_EMPTY_BODY = YES;
				CLANG_WARN_ENUM_CONVERSION = YES;
				CLANG_WARN_INT_CONVERSION = YES;
				CLANG_WARN_OBJC_ROOT_CLASS = YES_ERROR;
				CLANG_WARN_UNREACHABLE_CODE = YES;
				CLANG_WARN__DUPLICATE_METHOD_MATCH = YES;
				"CODE_SIGN_IDENTITY[sdk=iphoneos*]" = "iPhone Developer";
				COPY_PHASE_STRIP = NO;
				DEBUG_INFORMATION_FORMAT = "dwarf-with-dsym";
				ENABLE_NS_ASSERTIONS = NO;
				ENABLE_STRICT_OBJC_MSGSEND = YES;
				GCC_C_LANGUAGE_STANDARD = gnu99;
				GCC_NO_COMMON_BLOCKS = YES;
				GCC_WARN_64_TO_32_BIT_CONVERSION = YES;
				GCC_WARN_ABOUT_RETURN_TYPE = YES_ERROR;
				GCC_WARN_UNDECLARED_SELECTOR = YES;
				GCC_WARN_UNINITIALIZED_AUTOS = YES_AGGRESSIVE;
				GCC_WARN_UNUSED_FUNCTION = YES;
				GCC_WARN_UNUSED_VARIABLE = YES;
				IPHONEOS_DEPLOYMENT_TARGET = 9.0;
				MTL_ENABLE_DEBUG_INFO = NO;
				SDKROOT = iphoneos;
				TARGETED_DEVICE_FAMILY = "1,2";
				VALIDATE_PRODUCT = YES;
			};
			name = Release;
		};
		C8DF7EFE1BA8455100B9324F /* Debug */ = {
			isa = XCBuildConfiguration;
			buildSettings = {
				ASSETCATALOG_COMPILER_APPICON_NAME = AppIcon;
				INFOPLIST_FILE = UISegmentedControlAsTabbarDemo/Info.plist;
				IPHONEOS_DEPLOYMENT_TARGET = 8.0;
				LD_RUNPATH_SEARCH_PATHS = "$(inherited) @executable_path/Frameworks";
				PRODUCT_BUNDLE_IDENTIFIER = com.abdurrahman.UISegmentedControlAsTabbarDemo;
				PRODUCT_NAME = UISegmentedControlAsTabBarDemo.temp_caseinsensitive_rename;
			};
			name = Debug;
		};
		C8DF7EFF1BA8455100B9324F /* Release */ = {
			isa = XCBuildConfiguration;
			buildSettings = {
				ASSETCATALOG_COMPILER_APPICON_NAME = AppIcon;
				INFOPLIST_FILE = UISegmentedControlAsTabbarDemo/Info.plist;
				IPHONEOS_DEPLOYMENT_TARGET = 8.0;
				LD_RUNPATH_SEARCH_PATHS = "$(inherited) @executable_path/Frameworks";
				PRODUCT_BUNDLE_IDENTIFIER = com.abdurrahman.UISegmentedControlAsTabbarDemo;
				PRODUCT_NAME = UISegmentedControlAsTabBarDemo.temp_caseinsensitive_rename;
			};
			name = Release;
		};
/* End XCBuildConfiguration section */

/* Begin XCConfigurationList section */
		C8DF7EE61BA8455100B9324F /* Build configuration list for PBXProject "UISegmentedControlAsTabBarDemo" */ = {
			isa = XCConfigurationList;
			buildConfigurations = (
				C8DF7EFB1BA8455100B9324F /* Debug */,
				C8DF7EFC1BA8455100B9324F /* Release */,
			);
			defaultConfigurationIsVisible = 0;
			defaultConfigurationName = Release;
		};
		C8DF7EFD1BA8455100B9324F /* Build configuration list for PBXNativeTarget "UISegmentedControlAsTabbarDemo" */ = {
			isa = XCConfigurationList;
			buildConfigurations = (
				C8DF7EFE1BA8455100B9324F /* Debug */,
				C8DF7EFF1BA8455100B9324F /* Release */,
			);
			defaultConfigurationIsVisible = 0;
		};
/* End XCConfigurationList section */
	};
	rootObject = C8DF7EE31BA8455100B9324F /* Project object */;
}
